
Microsoft Visual Studio Solution File, Format Version 12.00
# Visual Studio Version 16
VisualStudioVersion = 16.0.29123.88
MinimumVisualStudioVersion = 10.0.40219.1
Project("{FAE04EC0-301F-11D3-BF4B-00C04F79EFBC}") = "WindowsFormsApp1", "DotNet\WindowsFormsApp1\WindowsFormsApp1.csproj", "{E5B99736-EF4A-4D5D-8DE2-BFDA40709C58}"
EndProject
Project("{9A19103F-16F7-4668-BE54-9A1E7A4F7556}") = "DotNetClassLibrary", "DotNet\DotNetClassLibrary\DotNetClassLibrary.csproj", "{23D613CD-637D-42CF-BED2-22B3331B3FD9}"
EndProject
Global
	GlobalSection(SolutionConfigurationPlatforms) = preSolution
		Debug|Any CPU = Debug|Any CPU
		Release|Any CPU = Release|Any CPU
	EndGlobalSection
	GlobalSection(ProjectConfigurationPlatforms) = postSolution
		{E5B99736-EF4A-4D5D-8DE2-BFDA40709C58}.Debug|Any CPU.ActiveCfg = Debug|Any CPU
		{E5B99736-EF4A-4D5D-8DE2-BFDA40709C58}.Debug|Any CPU.Build.0 = Debug|Any CPU
		{E5B99736-EF4A-4D5D-8DE2-BFDA40709C58}.Release|Any CPU.ActiveCfg = Release|Any CPU
		{E5B99736-EF4A-4D5D-8DE2-BFDA40709C58}.Release|Any CPU.Build.0 = Release|Any CPU
		{23D613CD-637D-42CF-BED2-22B3331B3FD9}.Debug|Any CPU.ActiveCfg = Debug|Any CPU
		{23D613CD-637D-42CF-BED2-22B3331B3FD9}.Debug|Any CPU.Build.0 = Debug|Any CPU
		{23D613CD-637D-42CF-BED2-22B3331B3FD9}.Release|Any CPU.ActiveCfg = Release|Any CPU
		{23D613CD-637D-42CF-BED2-22B3331B3FD9}.Release|Any CPU.Build.0 = Release|Any CPU
	EndGlobalSection
	GlobalSection(SolutionProperties) = preSolution
		HideSolutionNode = FALSE
	EndGlobalSection
	GlobalSection(ExtensibilityGlobals) = postSolution
		SolutionGuid = {893B8A04-B247-4D5F-BFCD-E4E51726316C}
	EndGlobalSection
EndGlobal
